
Microsoft Visual Studio Solution File, Format Version 12.00
# Visual Studio 15
VisualStudioVersion = 15.0.25807.0
MinimumVisualStudioVersion = 10.0.40219.1
Project("{2150E333-8FDC-42A3-9474-1A3956D46DE8}") = "Engine", "Engine", "{2A98CECE-43AD-4B3F-8DFF-885253DEBD98}"
EndProject
Project("{2150E333-8FDC-42A3-9474-1A3956D46DE8}") = "Games", "Games", "{258F120C-5DB2-4C1F-83F6-C807F3F7718A}"
EndProject
Project("{8BC9CEB8-8B4A-11D0-8D11-00A0C91BC942}") = "UE4", "Intermediate\ProjectFiles\UE4.vcxproj", "{A29BFCB2-1FA6-40EE-BCE0-3D273569A050}"
EndProject
Project("{8BC9CEB8-8B4A-11D0-8D11-00A0C91BC942}") = "NorilskDemo", "Intermediate\ProjectFiles\NorilskDemo.vcxproj", "{5034C6E9-374C-421F-A9E3-84606F64F082}"
EndProject
Global
	GlobalSection(SolutionConfigurationPlatforms) = preSolution
		DebugGame Editor|Android = DebugGame Editor|Android
		DebugGame Editor|HTML5 = DebugGame Editor|HTML5
		DebugGame Editor|Win32 = DebugGame Editor|Win32
		DebugGame Editor|Win64 = DebugGame Editor|Win64
		DebugGame|Android = DebugGame|Android
		DebugGame|HTML5 = DebugGame|HTML5
		DebugGame|Win32 = DebugGame|Win32
		DebugGame|Win64 = DebugGame|Win64
		Development Editor|Android = Development Editor|Android
		Development Editor|HTML5 = Development Editor|HTML5
		Development Editor|Win32 = Development Editor|Win32
		Development Editor|Win64 = Development Editor|Win64
		Development|Android = Development|Android
		Development|HTML5 = Development|HTML5
		Development|Win32 = Development|Win32
		Development|Win64 = Development|Win64
		Shipping|Android = Shipping|Android
		Shipping|HTML5 = Shipping|HTML5
		Shipping|Win32 = Shipping|Win32
		Shipping|Win64 = Shipping|Win64
	EndGlobalSection
	GlobalSection(ProjectConfigurationPlatforms) = postSolution
		{A29BFCB2-1FA6-40EE-BCE0-3D273569A050}.DebugGame Editor|Android.ActiveCfg = BuiltWithUnrealBuildTool|Win32
		{A29BFCB2-1FA6-40EE-BCE0-3D273569A050}.DebugGame Editor|Android.Build.0 = BuiltWithUnrealBuildTool|Win32
		{A29BFCB2-1FA6-40EE-BCE0-3D273569A050}.DebugGame Editor|HTML5.ActiveCfg = BuiltWithUnrealBuildTool|Win32
		{A29BFCB2-1FA6-40EE-BCE0-3D273569A050}.DebugGame Editor|HTML5.Build.0 = BuiltWithUnrealBuildTool|Win32
		{A29BFCB2-1FA6-40EE-BCE0-3D273569A050}.DebugGame Editor|Win32.ActiveCfg = BuiltWithUnrealBuildTool|Win32
		{A29BFCB2-1FA6-40EE-BCE0-3D273569A050}.DebugGame Editor|Win32.Build.0 = BuiltWithUnrealBuildTool|Win32
		{A29BFCB2-1FA6-40EE-BCE0-3D273569A050}.DebugGame Editor|Win64.ActiveCfg = BuiltWithUnrealBuildTool|Win32
		{A29BFCB2-1FA6-40EE-BCE0-3D273569A050}.DebugGame Editor|Win64.Build.0 = BuiltWithUnrealBuildTool|Win32
		{A29BFCB2-1FA6-40EE-BCE0-3D273569A050}.DebugGame|Android.ActiveCfg = BuiltWithUnrealBuildTool|Win32
		{A29BFCB2-1FA6-40EE-BCE0-3D273569A050}.DebugGame|Android.Build.0 = BuiltWithUnrealBuildTool|Win32
		{A29BFCB2-1FA6-40EE-BCE0-3D273569A050}.DebugGame|HTML5.ActiveCfg = BuiltWithUnrealBuildTool|Win32
		{A29BFCB2-1FA6-40EE-BCE0-3D273569A050}.DebugGame|HTML5.Build.0 = BuiltWithUnrealBuildTool|Win32
		{A29BFCB2-1FA6-40EE-BCE0-3D273569A050}.DebugGame|Win32.ActiveCfg = BuiltWithUnrealBuildTool|Win32
		{A29BFCB2-1FA6-40EE-BCE0-3D273569A050}.DebugGame|Win32.Build.0 = BuiltWithUnrealBuildTool|Win32
		{A29BFCB2-1FA6-40EE-BCE0-3D273569A050}.DebugGame|Win64.ActiveCfg = BuiltWithUnrealBuildTool|Win32
		{A29BFCB2-1FA6-40EE-BCE0-3D273569A050}.DebugGame|Win64.Build.0 = BuiltWithUnrealBuildTool|Win32
		{A29BFCB2-1FA6-40EE-BCE0-3D273569A050}.Development Editor|Android.ActiveCfg = BuiltWithUnrealBuildTool|Win32
		{A29BFCB2-1FA6-40EE-BCE0-3D273569A050}.Development Editor|Android.Build.0 = BuiltWithUnrealBuildTool|Win32
		{A29BFCB2-1FA6-40EE-BCE0-3D273569A050}.Development Editor|HTML5.ActiveCfg = BuiltWithUnrealBuildTool|Win32
		{A29BFCB2-1FA6-40EE-BCE0-3D273569A050}.Development Editor|HTML5.Build.0 = BuiltWithUnrealBuildTool|Win32
		{A29BFCB2-1FA6-40EE-BCE0-3D273569A050}.Development Editor|Win32.ActiveCfg = BuiltWithUnrealBuildTool|Win32
		{A29BFCB2-1FA6-40EE-BCE0-3D273569A050}.Development Editor|Win32.Build.0 = BuiltWithUnrealBuildTool|Win32
		{A29BFCB2-1FA6-40EE-BCE0-3D273569A050}.Development Editor|Win64.ActiveCfg = BuiltWithUnrealBuildTool|Win32
		{A29BFCB2-1FA6-40EE-BCE0-3D273569A050}.Development Editor|Win64.Build.0 = BuiltWithUnrealBuildTool|Win32
		{A29BFCB2-1FA6-40EE-BCE0-3D273569A050}.Development|Android.ActiveCfg = BuiltWithUnrealBuildTool|Win32
		{A29BFCB2-1FA6-40EE-BCE0-3D273569A050}.Development|Android.Build.0 = BuiltWithUnrealBuildTool|Win32
		{A29BFCB2-1FA6-40EE-BCE0-3D273569A050}.Development|HTML5.ActiveCfg = BuiltWithUnrealBuildTool|Win32
		{A29BFCB2-1FA6-40EE-BCE0-3D273569A050}.Development|HTML5.Build.0 = BuiltWithUnrealBuildTool|Win32
		{A29BFCB2-1FA6-40EE-BCE0-3D273569A050}.Development|Win32.ActiveCfg = BuiltWithUnrealBuildTool|Win32
		{A29BFCB2-1FA6-40EE-BCE0-3D273569A050}.Development|Win32.Build.0 = BuiltWithUnrealBuildTool|Win32
		{A29BFCB2-1FA6-40EE-BCE0-3D273569A050}.Development|Win64.ActiveCfg = BuiltWithUnrealBuildTool|Win32
		{A29BFCB2-1FA6-40EE-BCE0-3D273569A050}.Development|Win64.Build.0 = BuiltWithUnrealBuildTool|Win32
		{A29BFCB2-1FA6-40EE-BCE0-3D273569A050}.Shipping|Android.ActiveCfg = BuiltWithUnrealBuildTool|Win32
		{A29BFCB2-1FA6-40EE-BCE0-3D273569A050}.Shipping|Android.Build.0 = BuiltWithUnrealBuildTool|Win32
		{A29BFCB2-1FA6-40EE-BCE0-3D273569A050}.Shipping|HTML5.ActiveCfg = BuiltWithUnrealBuildTool|Win32
		{A29BFCB2-1FA6-40EE-BCE0-3D273569A050}.Shipping|HTML5.Build.0 = BuiltWithUnrealBuildTool|Win32
		{A29BFCB2-1FA6-40EE-BCE0-3D273569A050}.Shipping|Win32.ActiveCfg = BuiltWithUnrealBuildTool|Win32
		{A29BFCB2-1FA6-40EE-BCE0-3D273569A050}.Shipping|Win32.Build.0 = BuiltWithUnrealBuildTool|Win32
		{A29BFCB2-1FA6-40EE-BCE0-3D273569A050}.Shipping|Win64.ActiveCfg = BuiltWithUnrealBuildTool|Win32
		{A29BFCB2-1FA6-40EE-BCE0-3D273569A050}.Shipping|Win64.Build.0 = BuiltWithUnrealBuildTool|Win32
		{5034C6E9-374C-421F-A9E3-84606F64F082}.DebugGame Editor|Android.ActiveCfg = HTML5_DebugGame_Game|x64
		{5034C6E9-374C-421F-A9E3-84606F64F082}.DebugGame Editor|Android.Build.0 = HTML5_DebugGame_Game|x64
		{5034C6E9-374C-421F-A9E3-84606F64F082}.DebugGame Editor|HTML5.ActiveCfg = HTML5_DebugGame_Editor|Win32
		{5034C6E9-374C-421F-A9E3-84606F64F082}.DebugGame Editor|Win32.ActiveCfg = DebugGame_Editor|Win32
		{5034C6E9-374C-421F-A9E3-84606F64F082}.DebugGame Editor|Win64.ActiveCfg = DebugGame_Editor|x64
		{5034C6E9-374C-421F-A9E3-84606F64F082}.DebugGame Editor|Win64.Build.0 = DebugGame_Editor|x64
		{5034C6E9-374C-421F-A9E3-84606F64F082}.DebugGame|Android.ActiveCfg = HTML5_DebugGame_Game|x64
		{5034C6E9-374C-421F-A9E3-84606F64F082}.DebugGame|Android.Build.0 = HTML5_DebugGame_Game|x64
		{5034C6E9-374C-421F-A9E3-84606F64F082}.DebugGame|HTML5.ActiveCfg = HTML5_DebugGame_Game|Win32
		{5034C6E9-374C-421F-A9E3-84606F64F082}.DebugGame|HTML5.Build.0 = HTML5_DebugGame_Game|Win32
		{5034C6E9-374C-421F-A9E3-84606F64F082}.DebugGame|Win32.ActiveCfg = DebugGame_Game|Win32
		{5034C6E9-374C-421F-A9E3-84606F64F082}.DebugGame|Win32.Build.0 = DebugGame_Game|Win32
		{5034C6E9-374C-421F-A9E3-84606F64F082}.DebugGame|Win64.ActiveCfg = DebugGame_Game|x64
		{5034C6E9-374C-421F-A9E3-84606F64F082}.DebugGame|Win64.Build.0 = DebugGame_Game|x64
		{5034C6E9-374C-421F-A9E3-84606F64F082}.Development Editor|Android.ActiveCfg = HTML5_DebugGame_Game|x64
		{5034C6E9-374C-421F-A9E3-84606F64F082}.Development Editor|Android.Build.0 = HTML5_DebugGame_Game|x64
		{5034C6E9-374C-421F-A9E3-84606F64F082}.Development Editor|HTML5.ActiveCfg = HTML5_Development_Editor|Win32
		{5034C6E9-374C-421F-A9E3-84606F64F082}.Development Editor|Win32.ActiveCfg = Development_Editor|Win32
		{5034C6E9-374C-421F-A9E3-84606F64F082}.Development Editor|Win64.ActiveCfg = Development_Editor|x64
		{5034C6E9-374C-421F-A9E3-84606F64F082}.Development Editor|Win64.Build.0 = Development_Editor|x64
		{5034C6E9-374C-421F-A9E3-84606F64F082}.Development|Android.ActiveCfg = HTML5_DebugGame_Game|x64
		{5034C6E9-374C-421F-A9E3-84606F64F082}.Development|Android.Build.0 = HTML5_DebugGame_Game|x64
		{5034C6E9-374C-421F-A9E3-84606F64F082}.Development|HTML5.ActiveCfg = HTML5_Development_Game|Win32
		{5034C6E9-374C-421F-A9E3-84606F64F082}.Development|HTML5.Build.0 = HTML5_Development_Game|Win32
		{5034C6E9-374C-421F-A9E3-84606F64F082}.Development|Win32.ActiveCfg = Development_Game|Win32
		{5034C6E9-374C-421F-A9E3-84606F64F082}.Development|Win32.Build.0 = Development_Game|Win32
		{5034C6E9-374C-421F-A9E3-84606F64F082}.Development|Win64.ActiveCfg = Development_Game|x64
		{5034C6E9-374C-421F-A9E3-84606F64F082}.Development|Win64.Build.0 = Development_Game|x64
		{5034C6E9-374C-421F-A9E3-84606F64F082}.Shipping|Android.ActiveCfg = HTML5_DebugGame_Game|x64
		{5034C6E9-374C-421F-A9E3-84606F64F082}.Shipping|Android.Build.0 = HTML5_DebugGame_Game|x64
		{5034C6E9-374C-421F-A9E3-84606F64F082}.Shipping|HTML5.ActiveCfg = HTML5_Shipping_Game|Win32
		{5034C6E9-374C-421F-A9E3-84606F64F082}.Shipping|HTML5.Build.0 = HTML5_Shipping_Game|Win32
		{5034C6E9-374C-421F-A9E3-84606F64F082}.Shipping|Win32.ActiveCfg = Shipping_Game|Win32
		{5034C6E9-374C-421F-A9E3-84606F64F082}.Shipping|Win32.Build.0 = Shipping_Game|Win32
		{5034C6E9-374C-421F-A9E3-84606F64F082}.Shipping|Win64.ActiveCfg = Shipping_Game|x64
		{5034C6E9-374C-421F-A9E3-84606F64F082}.Shipping|Win64.Build.0 = Shipping_Game|x64
	EndGlobalSection
	GlobalSection(SolutionProperties) = preSolution
		HideSolutionNode = FALSE
	EndGlobalSection
	GlobalSection(NestedProjects) = preSolution
		{A29BFCB2-1FA6-40EE-BCE0-3D273569A050} = {2A98CECE-43AD-4B3F-8DFF-885253DEBD98}
		{5034C6E9-374C-421F-A9E3-84606F64F082} = {258F120C-5DB2-4C1F-83F6-C807F3F7718A}
	EndGlobalSection
	GlobalSection(ExtensibilityGlobals) = postSolution
		SolutionGuid = {8E090647-4C77-49A7-8BF5-C3D2B75E17E7}
	EndGlobalSection
EndGlobal
